
Microsoft Visual Studio Solution File, Format Version 12.00
# Visual Studio Version 17
VisualStudioVersion = 17.0.32014.148
MinimumVisualStudioVersion = 10.0.40219.1
Project("{9A19103F-16F7-4668-BE54-9A1E7A4F7556}") = "Gatw", "Gatw\Gatw.csproj", "{6EEAB4C2-4388-4588-9C00-EBBE14BA8F2E}"
EndProject
Project("{2150E333-8FDC-42A3-9474-1A3956D46DE8}") = "APIWeb", "APIWeb", "{AFA8F765-F89C-4D19-931B-AA35A4E26A87}"
EndProject
Project("{2150E333-8FDC-42A3-9474-1A3956D46DE8}") = "Domain", "Domain", "{000B4893-CD73-4D6C-808A-71C1534D89E8}"
EndProject
Project("{2150E333-8FDC-42A3-9474-1A3956D46DE8}") = "Services", "Services", "{2BCF196C-358D-472E-8876-76DE94A7BE1B}"
EndProject
Project("{2150E333-8FDC-42A3-9474-1A3956D46DE8}") = "Repository", "Repository", "{86141247-EB6F-4CC6-8198-2E7F32E85F2A}"
EndProject
Project("{2150E333-8FDC-42A3-9474-1A3956D46DE8}") = "Contracts", "Contracts", "{3BEAEAAD-D8CA-463B-B6B3-3AAD725AEA6D}"
EndProject
Project("{9A19103F-16F7-4668-BE54-9A1E7A4F7556}") = "Entities", "Entities\Entities.csproj", "{81950A83-9186-407C-856B-7401F2C626FB}"
EndProject
Project("{9A19103F-16F7-4668-BE54-9A1E7A4F7556}") = "Repository", "Repository\Repository.csproj", "{0AC97EEE-02D6-42F0-9440-FF90F0DF079A}"
EndProject
Project("{9A19103F-16F7-4668-BE54-9A1E7A4F7556}") = "Contracts", "Contracts\Contracts.csproj", "{00A2B6A1-F7C1-4DD0-9C0C-A1FF12A250A8}"
EndProject
Project("{9A19103F-16F7-4668-BE54-9A1E7A4F7556}") = "GatwQueryServices", "GatwQueryServices\GatwQueryServices.csproj", "{B4179F09-77AF-4030-9F43-8C9B3AFA01B3}"
EndProject
Project("{9A19103F-16F7-4668-BE54-9A1E7A4F7556}") = "GatewTest", "GatewayTest\GatewTest.csproj", "{5B070CFB-CE3C-40C6-BFEB-22FE5297637E}"
EndProject
Project("{2150E333-8FDC-42A3-9474-1A3956D46DE8}") = "UnitTests", "UnitTests", "{EC8291F4-5CAD-484E-8387-2764FA32B4A7}"
EndProject
Project("{2150E333-8FDC-42A3-9474-1A3956D46DE8}") = "LoggerService", "LoggerService", "{99582B83-69B3-42FD-AA77-96064D9DB469}"
EndProject
Project("{FAE04EC0-301F-11D3-BF4B-00C04F79EFBC}") = "LoggerService", "LoggerService\LoggerService.csproj", "{F9A10069-49C5-45C2-BD00-0B7DC2AC2664}"
EndProject
Global
	GlobalSection(SolutionConfigurationPlatforms) = preSolution
		Debug|Any CPU = Debug|Any CPU
		Release|Any CPU = Release|Any CPU
	EndGlobalSection
	GlobalSection(ProjectConfigurationPlatforms) = postSolution
		{6EEAB4C2-4388-4588-9C00-EBBE14BA8F2E}.Debug|Any CPU.ActiveCfg = Debug|Any CPU
		{6EEAB4C2-4388-4588-9C00-EBBE14BA8F2E}.Debug|Any CPU.Build.0 = Debug|Any CPU
		{6EEAB4C2-4388-4588-9C00-EBBE14BA8F2E}.Release|Any CPU.ActiveCfg = Release|Any CPU
		{6EEAB4C2-4388-4588-9C00-EBBE14BA8F2E}.Release|Any CPU.Build.0 = Release|Any CPU
		{81950A83-9186-407C-856B-7401F2C626FB}.Debug|Any CPU.ActiveCfg = Debug|Any CPU
		{81950A83-9186-407C-856B-7401F2C626FB}.Debug|Any CPU.Build.0 = Debug|Any CPU
		{81950A83-9186-407C-856B-7401F2C626FB}.Release|Any CPU.ActiveCfg = Release|Any CPU
		{81950A83-9186-407C-856B-7401F2C626FB}.Release|Any CPU.Build.0 = Release|Any CPU
		{0AC97EEE-02D6-42F0-9440-FF90F0DF079A}.Debug|Any CPU.ActiveCfg = Debug|Any CPU
		{0AC97EEE-02D6-42F0-9440-FF90F0DF079A}.Debug|Any CPU.Build.0 = Debug|Any CPU
		{0AC97EEE-02D6-42F0-9440-FF90F0DF079A}.Release|Any CPU.ActiveCfg = Release|Any CPU
		{0AC97EEE-02D6-42F0-9440-FF90F0DF079A}.Release|Any CPU.Build.0 = Release|Any CPU
		{00A2B6A1-F7C1-4DD0-9C0C-A1FF12A250A8}.Debug|Any CPU.ActiveCfg = Debug|Any CPU
		{00A2B6A1-F7C1-4DD0-9C0C-A1FF12A250A8}.Debug|Any CPU.Build.0 = Debug|Any CPU
		{00A2B6A1-F7C1-4DD0-9C0C-A1FF12A250A8}.Release|Any CPU.ActiveCfg = Release|Any CPU
		{00A2B6A1-F7C1-4DD0-9C0C-A1FF12A250A8}.Release|Any CPU.Build.0 = Release|Any CPU
		{B4179F09-77AF-4030-9F43-8C9B3AFA01B3}.Debug|Any CPU.ActiveCfg = Debug|Any CPU
		{B4179F09-77AF-4030-9F43-8C9B3AFA01B3}.Debug|Any CPU.Build.0 = Debug|Any CPU
		{B4179F09-77AF-4030-9F43-8C9B3AFA01B3}.Release|Any CPU.ActiveCfg = Release|Any CPU
		{B4179F09-77AF-4030-9F43-8C9B3AFA01B3}.Release|Any CPU.Build.0 = Release|Any CPU
		{5B070CFB-CE3C-40C6-BFEB-22FE5297637E}.Debug|Any CPU.ActiveCfg = Debug|Any CPU
		{5B070CFB-CE3C-40C6-BFEB-22FE5297637E}.Debug|Any CPU.Build.0 = Debug|Any CPU
		{5B070CFB-CE3C-40C6-BFEB-22FE5297637E}.Release|Any CPU.ActiveCfg = Release|Any CPU
		{5B070CFB-CE3C-40C6-BFEB-22FE5297637E}.Release|Any CPU.Build.0 = Release|Any CPU
		{F9A10069-49C5-45C2-BD00-0B7DC2AC2664}.Debug|Any CPU.ActiveCfg = Debug|Any CPU
		{F9A10069-49C5-45C2-BD00-0B7DC2AC2664}.Debug|Any CPU.Build.0 = Debug|Any CPU
		{F9A10069-49C5-45C2-BD00-0B7DC2AC2664}.Release|Any CPU.ActiveCfg = Release|Any CPU
		{F9A10069-49C5-45C2-BD00-0B7DC2AC2664}.Release|Any CPU.Build.0 = Release|Any CPU
	EndGlobalSection
	GlobalSection(SolutionProperties) = preSolution
		HideSolutionNode = FALSE
	EndGlobalSection
	GlobalSection(NestedProjects) = preSolution
		{6EEAB4C2-4388-4588-9C00-EBBE14BA8F2E} = {AFA8F765-F89C-4D19-931B-AA35A4E26A87}
		{81950A83-9186-407C-856B-7401F2C626FB} = {000B4893-CD73-4D6C-808A-71C1534D89E8}
		{0AC97EEE-02D6-42F0-9440-FF90F0DF079A} = {86141247-EB6F-4CC6-8198-2E7F32E85F2A}
		{00A2B6A1-F7C1-4DD0-9C0C-A1FF12A250A8} = {3BEAEAAD-D8CA-463B-B6B3-3AAD725AEA6D}
		{B4179F09-77AF-4030-9F43-8C9B3AFA01B3} = {2BCF196C-358D-472E-8876-76DE94A7BE1B}
		{5B070CFB-CE3C-40C6-BFEB-22FE5297637E} = {EC8291F4-5CAD-484E-8387-2764FA32B4A7}
		{F9A10069-49C5-45C2-BD00-0B7DC2AC2664} = {99582B83-69B3-42FD-AA77-96064D9DB469}
	EndGlobalSection
	GlobalSection(ExtensibilityGlobals) = postSolution
		SolutionGuid = {61BED647-EE81-4B99-9EC6-A8EB28E7D452}
	EndGlobalSection
EndGlobal
